# This file is automatically @generated by Poetry 2.3.2 and should not be changed by hand.

[[package]]
name = "numpy"
version = "2.5.1"
description = "Fundamental package for array computing in Python"
optional = false
python-versions = ">=3.12"
groups = ["main"]
files = [
    {file = "numpy-2.5.1-cp312-cp312-macosx_10_13_x86_64.whl", hash = "sha256:2c889b56fe48b1018f764b0eec8df59ab654e9148aa91faa12596043500de277"},
    {file = "numpy-2.5.1-cp312-cp312-macosx_11_0_arm64.whl", hash = "sha256:ab451b59c5643c570974c43aef780703ef1d3b4965d2be07afd530615a9358d1"},
    {file = "numpy-2.5.1-cp312-cp312-macosx_14_0_arm64.whl", hash = "sha256:78798bd5b9ad744056af8efa90e3b9ddaa53272a0848a483084a1cc0a13b2dc0"},
    {file = "numpy-2.5.1-cp312-cp312-macosx_14_0_x86_64.whl", hash = "sha256:2ae0ca40bcb22d6ba59c1dfd5446f49940b0f2d821fde133f10dda11f816b84e"},
    {file = "numpy-2.5.1-cp312-cp312-manylinux_2_27_aarch64.manylinux_2_28_aarch64.whl", hash = "sha256:61ac47e772e6b8ea489e1d2f441a34c5c3ac17327e7ce294cbdf535795ad4e75"},
    {file = "numpy-2.5.1-cp312-cp312-manylinux_2_27_x86_64.manylinux_2_28_x86_64.whl", hash = "sha256:59fda5e192b570217ec2580c96f00e9a7e12ef6866a900eb089b62c1a32545ca"},
    {file = "numpy-2.5.1-cp312-cp312-musllinux_1_2_aarch64.whl", hash = "sha256:f7119ebff1a9829e9f431a4f9d28e703023bb6b9fe7c8f724467dbfc27c94ab3"},
    {file = "numpy-2.5.1-cp312-cp312-musllinux_1_2_x86_64.whl", hash = "sha256:e824c2acf8862052246be5a44c15da1777940c60d010dd2aab897824d9c430f9"},
    {file = "numpy-2.5.1-cp312-cp312-win32.whl", hash = "sha256:08d60c810432eb83360958dea0999ac4cfb94531ea8efcbf0b7f277c2068aeb2"},
    {file = "numpy-2.5.1-cp312-cp312-win_amd64.whl", hash = "sha256:f7d60026c0bdb1380e83bfa7a0419c4577ee4b9a08880afcb6dadeb74c649fa2"},
    {file = "numpy-2.5.1-cp312-cp312-win_arm64.whl", hash = "sha256:17a25e09640602e10bc8de0e6fa2b3fd68eedd84ba6d7842dc8f32f9ab87bd0b"},
    {file = "numpy-2.5.1-cp313-cp313-macosx_10_13_x86_64.whl", hash = "sha256:0bfebd8695f9863592fe744be833a258120b14a9f39da255e8aa8fade2c0ddd1"},
    {file = "numpy-2.5.1-cp313-cp313-macosx_11_0_arm64.whl", hash = "sha256:30b44a6b53a7ae63c54c089a8726e5563ed302716c5b7ccc85afade40b0e7ff6"},
    {file = "numpy-2.5.1-cp313-cp313-macosx_14_0_arm64.whl", hash = "sha256:6165343f81b56ef8f514f396989e529b61d9dc709b99421b07e9f3e698e2287d"},
    {file = "numpy-2.5.1-cp313-cp313-macosx_14_0_x86_64.whl", hash = "sha256:4939237038ada79308dda3204ac6462df056b5672b2e25db1149cf873668b3e1"},
    {file = "numpy-2.5.1-cp313-cp313-manylinux_2_27_aarch64.manylinux_2_28_aarch64.whl", hash = "sha256:1c6759f538fb912fc46de0a6b1758ccf7b57bc7c7ebebc23974fdac3de8db0cd"},
    {file = "numpy-2.5.1-cp313-cp313-manylinux_2_27_x86_64.manylinux_2_28_x86_64.whl", hash = "sha256:9726558e8db4a5bf7929a70ae50f63abda4daf0efe810e3bfbab95976f75fc1a"},
    {file = "numpy-2.5.1-cp313-cp313-musllinux_1_2_aarch64.whl", hash = "sha256:3935f3b419b244a02732676fa5317a9193cc596a4c0646db07e5b421229ac9f7"},
    {file = "numpy-2.5.1-cp313-cp313-musllinux_1_2_x86_64.whl", hash = "sha256:dc932a65ded7ce9013d120845a2514dcccb1a67bfc8deb8d37633762951904a6"},
    {file = "numpy-2.5.1-cp313-cp313-win32.whl", hash = "sha256:4b4ff1608417eb7a59da7b967bbb798cacfe071d2caf526a24281cd562072ed9"},
    {file = "numpy-2.5.1-cp313-cp313-win_amd64.whl", hash = "sha256:6c3fe51bc6a16453d452997053454f309e8e0ed7b42d6b361ce4ac8c32913d74"},
    {file = "numpy-2.5.1-cp313-cp313-win_arm64.whl", hash = "sha256:f7feb014281029e628ba2d5a007407443b06e418b6fe451d1e2adcbc8eba0107"},
    {file = "numpy-2.5.1-cp314-cp314-macosx_10_15_x86_64.whl", hash = "sha256:7c786fe9a5bbe360022e584c5a34cf6b54265c71bd7ec8ac3d8fec38968071f8"},
    {file = "numpy-2.5.1-cp314-cp314-macosx_11_0_arm64.whl", hash = "sha256:32985c896d897419ef8da6917872d80b78ad0ea26d85b23245c7366ffde76d75"},
    {file = "numpy-2.5.1-cp314-cp314-macosx_14_0_arm64.whl", hash = "sha256:efd736408cc97c79b9e6917338dfc8f06013b2274f992e96b1d9a81a71e2a2c2"},
    {file = "numpy-2.5.1-cp314-cp314-macosx_14_0_x86_64.whl", hash = "sha256:ab84dc6b074fa881cae55bea94cc4f68e285181ba7f32497bf7dee6b1496165b"},
    {file = "numpy-2.5.1-cp314-cp314-manylinux_2_27_aarch64.manylinux_2_28_aarch64.whl", hash = "sha256:caf3e317d33d60c37986b452613f4ab51246d0691350c03d0cb4a898627f4a95"},
    {file = "numpy-2.5.1-cp314-cp314-manylinux_2_27_x86_64.manylinux_2_28_x86_64.whl", hash = "sha256:54ad769f17bc2d833b620851989f62054fb9ab93c969d9e1dc3c8e3d56beea21"},
    {file = "numpy-2.5.1-cp314-cp314-musllinux_1_2_aarch64.whl", hash = "sha256:c12afb53450fa976d4c681c50a7423729a4c51c0465ed9f32b8a9cabbc472373"},
    {file = "numpy-2.5.1-cp314-cp314-musllinux_1_2_x86_64.whl", hash = "sha256:e8c11c405efc5ff6816d5983c96cdfa215bab3428961243af3ff59b228490438"},
    {file = "numpy-2.5.1-cp314-cp314-win32.whl", hash = "sha256:f2479a47f8d5932d1718168a681ad6e536a9df484c83cfcf9de365e164537ace"},
    {file = "numpy-2.5.1-cp314-cp314-win_amd64.whl", hash = "sha256:24d0eb82c0541d3415a33425db64ae439dffccd7b4dbcb30e7c35120205c506a"},
    {file = "numpy-2.5.1-cp314-cp314-win_arm64.whl", hash = "sha256:5a4c988b38d261deeeaad9954e3deb091ad905c94e8bb6708654ef1d97f286b0"},
    {file = "numpy-2.5.1-cp314-cp314t-macosx_11_0_arm64.whl", hash = "sha256:a33276be12fa045805f477f22482088b66bb758ffbe89a9d21457de863a32e22"},
    {file = "numpy-2.5.1-cp314-cp314t-macosx_14_0_arm64.whl", hash = "sha256:f089d7b00756190aacf1f5d34bdf38c3c430ac82b4f868f8cede73380460fce7"},
    {file = "numpy-2.5.1-cp314-cp314t-macosx_14_0_x86_64.whl", hash = "sha256:09e9bfd8d2cf479c7d174804fb3811c53a8e9f20a37444008606b57d6b7a826d"},
    {file = "numpy-2.5.1-cp314-cp314t-manylinux_2_27_aarch64.manylinux_2_28_aarch64.whl", hash = "sha256:e68d8dd1e7eba712948f2053a29ec86917bc70ba1358df869d9f06649ef9cf09"},
    {file = "numpy-2.5.1-cp314-cp314t-manylinux_2_27_x86_64.manylinux_2_28_x86_64.whl", hash = "sha256:99d5095fa265a0c4152e7bb12759e14381ef5496152f1ce58f44bdf55c44beb4"},
    {file = "numpy-2.5.1-cp314-cp314t-musllinux_1_2_aarch64.whl", hash = "sha256:ab87a91b3cc3382b8956095bd8f95e00cf679bb81554339be1a2ba404a1473c1"},
    {file = "numpy-2.5.1-cp314-cp314t-musllinux_1_2_x86_64.whl", hash = "sha256:224ca51130ef7da85bea2191625181cb4f337f9cb64b471f10c1a12aa8b60077"},
    {file = "numpy-2.5.1-cp314-cp314t-win32.whl", hash = "sha256:6eab239876581b2b3c5a242281b6007bbdbcd1c7085d7709bb57c5929b11e6bf"},
    {file = "numpy-2.5.1-cp314-cp314t-win_amd64.whl", hash = "sha256:83ce9c80d5b521b0d77ddcbe5447c218d247929b6cc056ca5351342accfff0af"},
    {file = "numpy-2.5.1-cp314-cp314t-win_arm64.whl", hash = "sha256:5a6db61f9aaa57e369905c67d852045d3c4f7126405b29d09b19dec118e9c9cb"},
    {file = "numpy-2.5.1.tar.gz", hash = "sha256:a48a113e6afea91f5608793bafa7ef2ad481fefbda87ec5069f483de61cb9fa3"},
]

[[package]]
name = "opencv-python"
version = "5.0.0.93"
description = "Wrapper package for OpenCV python bindings."
optional = false
python-versions = ">=3.6"
groups = ["main"]
files = [
    {file = "opencv_python-5.0.0.93-cp37-abi3-macosx_13_0_arm64.whl", hash = "sha256:198a75138241810206a17c829dbcc40a7cb1841cda538ca86cbbfc6c7d95f898"},
    {file = "opencv_python-5.0.0.93-cp37-abi3-macosx_14_0_x86_64.whl", hash = "sha256:6bbc32f59e1b1a7db7b39c81f63d00625f041d333037fd8702f6da52cc39108b"},
    {file = "opencv_python-5.0.0.93-cp37-abi3-manylinux2014_aarch64.manylinux_2_17_aarch64.whl", hash = "sha256:e2b4272e736836f66c2d176e43ab8101f3a00d45654916399f52e150c58981ac"},
    {file = "opencv_python-5.0.0.93-cp37-abi3-manylinux2014_x86_64.manylinux_2_17_x86_64.whl", hash = "sha256:f8b6d0a212253dd26ad338c812f1f23ca118fdf05a9c8c6b9444f161aa8c5881"},
    {file = "opencv_python-5.0.0.93-cp37-abi3-manylinux_2_28_aarch64.whl", hash = "sha256:08d5d91d967b58d6db86073b2ad3eaef88ca4ebdfd45c9059bf59f5ded0c7ad2"},
    {file = "opencv_python-5.0.0.93-cp37-abi3-manylinux_2_28_x86_64.whl", hash = "sha256:c8de2dec111122a02e8beb28e16c31904992dfd6186560b142a92c71403c1039"},
    {file = "opencv_python-5.0.0.93-cp37-abi3-win32.whl", hash = "sha256:4b4b1a34c79bf8d3738e3cfe9a9e67b51a79663f6b692cbdad8c31f570da4157"},
    {file = "opencv_python-5.0.0.93-cp37-abi3-win_amd64.whl", hash = "sha256:f90ba04b8f73bc5c3814037699739f0156f597338a98f05956c684e7c3ca10d2"},
    {file = "opencv_python-5.0.0.93.tar.gz", hash = "sha256:66aac3e5b5faa48d4025816592f3af19e4bfc2c68dec067bae2dbb4ca10aa9e2"},
]

[package.dependencies]
numpy = {version = ">=2", markers = "python_version >= \"3.9\""}

[[package]]
name = "posix-ipc"
version = "1.3.2"
description = "POSIX IPC primitives (semaphores, shared memory and message queues) for Python"
optional = false
python-versions = "*"
groups = ["main"]
files = [
    {file = "posix_ipc-1.3.2-cp310-cp310-macosx_10_9_x86_64.whl", hash = "sha256:874cafa41705fe01148655adad35748b7430eedf9403bd9ab418b54e7687729c"},
    {file = "posix_ipc-1.3.2-cp310-cp310-macosx_11_0_arm64.whl", hash = "sha256:be96ab8a553ff135cd06fb29f46a5324cd52c6d36598896f2c07e6d5a0dc58c5"},
    {file = "posix_ipc-1.3.2-cp310-cp310-manylinux_2_17_aarch64.manylinux2014_aarch64.whl", hash = "sha256:0eae38de775bade7131b6f4638c634591db2740239581ef9d7b7baebeeac72b9"},
    {file = "posix_ipc-1.3.2-cp310-cp310-manylinux_2_5_i686.manylinux1_i686.manylinux_2_17_i686.manylinux2014_i686.whl", hash = "sha256:0d678aea92aee928f371333a26625bcb34fe2b39e0360ceb7d0d8ae783ed2bc6"},
    {file = "posix_ipc-1.3.2-cp310-cp310-manylinux_2_5_x86_64.manylinux1_x86_64.manylinux_2_17_x86_64.manylinux2014_x86_64.whl", hash = "sha256:a3ccddc7a892135a59b0377a97e30cb1b4ed681330594187c6ca3ab7714fd54b"},
    {file = "posix_ipc-1.3.2-cp310-cp310-musllinux_1_2_aarch64.whl", hash = "sha256:4f258d4d14b928a44c37db908faa484477793dbd519b9bf7369f0616ed37cb98"},
    {file = "posix_ipc-1.3.2-cp310-cp310-musllinux_1_2_i686.whl", hash = "sha256:16266d9739fea17b3bcc331aa3c7785cbd60f34068de57d9a7d1ff2a7e0b3f51"},
    {file = "posix_ipc-1.3.2-cp310-cp310-musllinux_1_2_x86_64.whl", hash = "sha256:0f70e2921a08cadb5c35cd9761f748885f96706fed7b1df911add4dec8795163"},
    {file = "posix_ipc-1.3.2-cp311-cp311-macosx_10_9_x86_64.whl", hash = "sha256:efc6bcf610a75491d37c14503e60b741a2059f21706f899667f36a96fe725d72"},
    {file = "posix_ipc-1.3.2-cp311-cp311-macosx_11_0_arm64.whl", hash = "sha256:1f955824f05df4abff75e86faae3e0e6d369fda2d1ef5425553b207f981c4df4"},
    {file = "posix_ipc-1.3.2-cp311-cp311-manylinux_2_17_aarch64.manylinux2014_aarch64.whl", hash = "sha256:8e30eb7b65f9d2a3da75cea0c9bfe32be285808744ce05379f8d037a29a782ec"},
    {file = "posix_ipc-1.3.2-cp311-cp311-manylinux_2_5_i686.manylinux1_i686.manylinux_2_17_i686.manylinux2014_i686.whl", hash = "sha256:884b33c684615070b609faadc4920329f63d09441ec237e9e3747893842021f6"},
    {file = "posix_ipc-1.3.2-cp311-cp311-manylinux_2_5_x86_64.manylinux1_x86_64.manylinux_2_17_x86_64.manylinux2014_x86_64.whl", hash = "sha256:95042c14254c80c320f4fad037789fa62693562a275ff266c8672f276b73fcd2"},
    {file = "posix_ipc-1.3.2-cp311-cp311-musllinux_1_2_aarch64.whl", hash = "sha256:4ab0945a1c48b82a1ad337f4ebac2db5c7b32b84f0654df57b3a8d9e6507d6fd"},
    {file = "posix_ipc-1.3.2-cp311-cp311-musllinux_1_2_i686.whl", hash = "sha256:a4f2e336ac3e7daeeeff9c9798ec84e3c5290ee156e5f009a2b97b5cf3d73f3f"},
    {file = "posix_ipc-1.3.2-cp311-cp311-musllinux_1_2_x86_64.whl", hash = "sha256:2f4054536dccbf361902c387a0c051b19e6ade795a900fa5066d017d7f864181"},
    {file = "posix_ipc-1.3.2-cp312-cp312-macosx_10_13_x86_64.whl", hash = "sha256:ad1388205d8221fc2d070bf334d6415768db78cf585d247031ec93f980942538"},
    {file = "posix_ipc-1.3.2-cp312-cp312-macosx_11_0_arm64.whl", hash = "sha256:93dd4efd8f44c2f2fbe6d3103d333eeec9ec31596ccd3ab3129ff94d930e4cd9"},
    {file = "posix_ipc-1.3.2-cp312-cp312-manylinux_2_17_aarch64.manylinux2014_aarch64.whl", hash = "sha256:5829f8f0d028a1673439a5e1ce121abbae9ef88a5fb5fdd0997998603b08f778"},
    {file = "posix_ipc-1.3.2-cp312-cp312-manylinux_2_5_i686.manylinux1_i686.manylinux_2_17_i686.manylinux2014_i686.whl", hash = "sha256:7f4b173c80d3fbec6d8396c0dbcc8c211592bf0f79a4395e2783968b50176ced"},
    {file = "posix_ipc-1.3.2-cp312-cp312-manylinux_2_5_x86_64.manylinux1_x86_64.manylinux_2_17_x86_64.manylinux2014_x86_64.whl", hash = "sha256:8a4b05d7c1e8e4d9b09e5887bdd2c31cf031ff79e7a01786ef758bdd6cbc8237"},
    {file = "posix_ipc-1.3.2-cp312-cp312-musllinux_1_2_aarch64.whl", hash = "sha256:c745414f8f5da421020570156e4f77c76a31c75852330cde5645ce836804b59c"},
    {file = "posix_ipc-1.3.2-cp312-cp312-musllinux_1_2_i686.whl", hash = "sha256:7586d047b650814761e3fee00fcb5b325bce203d28b9703d8d11195f57360818"},
    {file = "posix_ipc-1.3.2-cp312-cp312-musllinux_1_2_x86_64.whl", hash = "sha256:bc52488c7068ee3a644a0a365961d93b4f2c40842c3fde90d573960c2ad6a868"},
    {file = "posix_ipc-1.3.2-cp313-cp313-macosx_10_13_x86_64.whl", hash = "sha256:cfbf8ab144a82ad2d6fad8f53e37a82771da684fd01395032fd73b5272db2304"},
    {file = "posix_ipc-1.3.2-cp313-cp313-macosx_11_0_arm64.whl", hash = "sha256:5dbd27314bc10e01596a6e000c9ceeac4f06b710099a046d81e1734b68c49bc9"},
    {file = "posix_ipc-1.3.2-cp313-cp313-manylinux_2_17_aarch64.manylinux2014_aarch64.whl", hash = "sha256:6485ef684c327125dc3f9db29c396554fddf2f37e495ef1409d6b5f8ce9cfb43"},
    {file = "posix_ipc-1.3.2-cp313-cp313-manylinux_2_5_i686.manylinux1_i686.manylinux_2_17_i686.manylinux2014_i686.whl", hash = "sha256:bf7c3da68fd12c8681b9580b6c75f812f3c3b85a649a0eb6495b9a8125119ab0"},
    {file = "posix_ipc-1.3.2-cp313-cp313-manylinux_2_5_x86_64.manylinux1_x86_64.manylinux_2_17_x86_64.manylinux2014_x86_64.whl", hash = "sha256:fe311eb00c27d7f34d34cc7bd6f5e60d65b2ad7ed35692519eae9f4c5b233dc2"},
    {file = "posix_ipc-1.3.2-cp313-cp313-musllinux_1_2_aarch64.whl", hash = "sha256:1485c456083ba56ecd6eab873d29f5252d62c82125bf7670fc9675e53b675bf7"},
    {file = "posix_ipc-1.3.2-cp313-cp313-musllinux_1_2_i686.whl", hash = "sha256:ab1b9c57a734fd44a156651e4064e56d6a1bc6ae9182a088647a758a28814ba6"},
    {file = "posix_ipc-1.3.2-cp313-cp313-musllinux_1_2_x86_64.whl", hash = "sha256:e1e68190a49df17435e73f0be304df3ff513ef6ffdd61121172a69aff7db5fa9"},
    {file = "posix_ipc-1.3.2-cp37-cp37m-macosx_10_9_x86_64.whl", hash = "sha256:a35d3c4429b493303758fc2d07ab59b60e526fb27f8ff2f2696130308c6b6cab"},
    {file = "posix_ipc-1.3.2-cp37-cp37m-manylinux_2_17_aarch64.manylinux2014_aarch64.whl", hash = "sha256:9b6bb29f82e8fb3006d9fa96d030abf1e207b0243a24ade6070ed709c5e61e56"},
    {file = "posix_ipc-1.3.2-cp37-cp37m-manylinux_2_5_i686.manylinux1_i686.manylinux_2_17_i686.manylinux2014_i686.whl", hash = "sha256:fdba0927ac79ad3bc38bad9e94b4651a6fa4f2d84efa70f9c63d8f01fcfd0e92"},
    {file = "posix_ipc-1.3.2-cp37-cp37m-manylinux_2_5_x86_64.manylinux1_x86_64.manylinux_2_17_x86_64.manylinux2014_x86_64.whl", hash = "sha256:1d01b4c0357d7c4c2571137b3ddc77d4bf531246affc80d9f55e0a0230fe27c9"},
    {file = "posix_ipc-1.3.2-cp37-cp37m-musllinux_1_2_aarch64.whl", hash = "sha256:e762f50392568b3a2453ce54c11eba1b7e24f40c808fa2b08d395075fc0d8944"},
    {file = "posix_ipc-1.3.2-cp37-cp37m-musllinux_1_2_i686.whl", hash = "sha256:53c5cacbe51839360fc618991542b848a1f47067fe62ce71280ec5a87bd9b50c"},
    {file = "posix_ipc-1.3.2-cp37-cp37m-musllinux_1_2_x86_64.whl", hash = "sha256:058370d94ae887cc038abffa5361290353d75871d013914cb6165f4b4825a98e"},
    {file = "posix_ipc-1.3.2-cp38-cp38-macosx_10_9_x86_64.whl", hash = "sha256:1a04d76916e6b043d6b9c1bab7ffd84fcf964edcc048f23ca82541b6f49f0d16"},
    {file = "posix_ipc-1.3.2-cp38-cp38-macosx_11_0_arm64.whl", hash = "sha256:0bb6da435830d32d9452b66b5d1c894e1fd350d2089913082c592b21ffc69a28"},
    {file = "posix_ipc-1.3.2-cp38-cp38-manylinux_2_17_aarch64.manylinux2014_aarch64.whl", hash = "sha256:52b868952353fdc38d94fd57981aecc37404c7ef38f4ca9b3e69966e61a417fa"},
    {file = "posix_ipc-1.3.2-cp38-cp38-manylinux_2_5_i686.manylinux1_i686.manylinux_2_17_i686.manylinux2014_i686.whl", hash = "sha256:414cf947687e12a3a635018fe7d5c940a93727bb55d0d79f4d2006963647506c"},
    {file = "posix_ipc-1.3.2-cp38-cp38-manylinux_2_5_x86_64.manylinux1_x86_64.manylinux_2_17_x86_64.manylinux2014_x86_64.whl", hash = "sha256:ab0f98ebf5edc50ca0bcf2f16200d21b79aa5a405a1fb2896a8176d4e5d6f9f4"},
    {file = "posix_ipc-1.3.2-cp38-cp38-musllinux_1_2_aarch64.whl", hash = "sha256:b17826e0a29a66a4bf5d7c1169ed4bf36c1436a7863ca6a22a5e6207d0a76f5b"},
    {file = "posix_ipc-1.3.2-cp38-cp38-musllinux_1_2_i686.whl", hash = "sha256:e1e1a9fc4f2cec085cd466811daa26de50d3dcd4aefb024ea755a02352d78747"},
    {file = "posix_ipc-1.3.2-cp38-cp38-musllinux_1_2_x86_64.whl", hash = "sha256:6086005dae42e8b708bc686ea96662f794a618cea76604d9976cb7e3f75a8c7c"},
    {file = "posix_ipc-1.3.2-cp39-cp39-macosx_10_9_x86_64.whl", hash = "sha256:d2312126540b1a6b4c266bc76071ea6d252ef3535b91628d1738e3b0f8823b3e"},
    {file = "posix_ipc-1.3.2-cp39-cp39-macosx_11_0_arm64.whl", hash = "sha256:26cdad93a7b22576ab75d44522a71a3cf3fdbea9379ac8e01f6813c7d086ac4c"},
    {file = "posix_ipc-1.3.2-cp39-cp39-manylinux_2_17_aarch64.manylinux2014_aarch64.whl", hash = "sha256:ce6a86a41d0230d47521b2ba0c6db10f2393e496c15c8ebc4758d932021e3ba0"},
    {file = "posix_ipc-1.3.2-cp39-cp39-manylinux_2_5_i686.manylinux1_i686.manylinux_2_17_i686.manylinux2014_i686.whl", hash = "sha256:7e20d290bcda25c8059d04970717b1f931d60b9b940a5dffd03ba2a92e08bb3f"},
    {file = "posix_ipc-1.3.2-cp39-cp39-manylinux_2_5_x86_64.manylinux1_x86_64.manylinux_2_17_x86_64.manylinux2014_x86_64.whl", hash = "sha256:21cc9270031d761b3d526a07f0e96d885ea44faaa3b44b69cbb1df821f1b191f"},
    {file = "posix_ipc-1.3.2-cp39-cp39-musllinux_1_2_aarch64.whl", hash = "sha256:485f8be40ee3493451d23ac96d448d4f0c6545b683b84db6e3bda3282bf40c28"},
    {file = "posix_ipc-1.3.2-cp39-cp39-musllinux_1_2_i686.whl", hash = "sha256:6b008ef5c06633f601373bbdabda495a29c78d27add78546083dd679d51713c4"},
    {file = "posix_ipc-1.3.2-cp39-cp39-musllinux_1_2_x86_64.whl", hash = "sha256:6822a112ef7d65de236eb69278b79c231fdfa4b313551376e4de1eb8a376d59c"},
    {file = "posix_ipc-1.3.2-pp310-pypy310_pp73-macosx_10_15_x86_64.whl", hash = "sha256:0b50bd6666e852cbc94d211d93b90aa1855060b7c206f49d5fdbdf4757b52bb8"},
    {file = "posix_ipc-1.3.2-pp310-pypy310_pp73-macosx_11_0_arm64.whl", hash = "sha256:b5ba32ffd207180548ebcbfd9bb5f7cdc927f73f80c492fb1dc8a91468118969"},
    {file = "posix_ipc-1.3.2-pp310-pypy310_pp73-manylinux_2_17_aarch64.manylinux2014_aarch64.whl", hash = "sha256:16637b72cb7e968ebe14a3b21e0390ef973d15824c9191dc13008391135ce977"},
    {file = "posix_ipc-1.3.2-pp310-pypy310_pp73-manylinux_2_5_i686.manylinux1_i686.manylinux_2_17_i686.manylinux2014_i686.whl", hash = "sha256:2ff277fe106ef992c14ee8440f835169e6b52851c9fafd36f6c0fea0e109641d"},
    {file = "posix_ipc-1.3.2-pp310-pypy310_pp73-manylinux_2_5_x86_64.manylinux1_x86_64.manylinux_2_17_x86_64.manylinux2014_x86_64.whl", hash = "sha256:8b5c8b84f4778f0920bda59248bb573541b63e9f628f5d3f5ad9cb5aba155012"},
    {file = "posix_ipc-1.3.2-pp311-pypy311_pp73-macosx_10_15_x86_64.whl", hash = "sha256:73a4f708dd93213996b8042e5b0c7343394e6add074850987c99ee3693ccc27f"},
    {file = "posix_ipc-1.3.2-pp311-pypy311_pp73-macosx_11_0_arm64.whl", hash = "sha256:043f563f825cecb85b42ce03f5095a1c5180ac1357e5c772bb629b403f914cca"},
    {file = "posix_ipc-1.3.2-pp311-pypy311_pp73-manylinux_2_17_aarch64.manylinux2014_aarch64.whl", hash = "sha256:fd5dd64f3c15c272ec3c1c3f8caaa5816091a7abc52ae6aab3b710d168da6068"},
    {file = "posix_ipc-1.3.2-pp311-pypy311_pp73-manylinux_2_5_i686.manylinux1_i686.manylinux_2_17_i686.manylinux2014_i686.whl", hash = "sha256:ac4f29d4f0b2e256708a459dc3e7bdaf6c0b01327ed3b2b75495f555baeacfb9"},
    {file = "posix_ipc-1.3.2-pp311-pypy311_pp73-manylinux_2_5_x86_64.manylinux1_x86_64.manylinux_2_17_x86_64.manylinux2014_x86_64.whl", hash = "sha256:0eeef0780d2408deebc97f0a0bca54bfe3586581addbc15b05a228c70f5a5cdf"},
    {file = "posix_ipc-1.3.2-pp37-pypy37_pp73-macosx_10_9_x86_64.whl", hash = "sha256:3d1bcd98b4fd0244720c52d0025c7b9e42f9bde24280bc953016af8f2ea94d89"},
    {file = "posix_ipc-1.3.2-pp37-pypy37_pp73-manylinux_2_17_aarch64.manylinux2014_aarch64.whl", hash = "sha256:003e3c1cfeeb9741867159907f87e2e5bbe1c611cae5b937da71f798c2ab7af3"},
    {file = "posix_ipc-1.3.2-pp37-pypy37_pp73-manylinux_2_5_i686.manylinux1_i686.manylinux_2_17_i686.manylinux2014_i686.whl", hash = "sha256:5719aa4eae944e444a0adcbd18de4c491713fbceabf226dafbd72ba6e8bb3c3b"},
    {file = "posix_ipc-1.3.2-pp37-pypy37_pp73-manylinux_2_5_x86_64.manylinux1_x86_64.manylinux_2_17_x86_64.manylinux2014_x86_64.whl", hash = "sha256:c4cb4a8592279ac5d4519f40c5e3a4e5f3b9ec59a08c4e0c67d4edeea0adb7f8"},
    {file = "posix_ipc-1.3.2-pp38-pypy38_pp73-macosx_10_9_x86_64.whl", hash = "sha256:3906d6061e6dc7fcfdcf77211cf976dbe0aaf6772316024fc3be2cbef439ea66"},
    {file = "posix_ipc-1.3.2-pp38-pypy38_pp73-macosx_11_0_arm64.whl", hash = "sha256:a1e91b3c2b8d9a46c45d59e3b2e5eaeeaaa842b88c613a6a2b1e05453befb106"},
    {file = "posix_ipc-1.3.2-pp38-pypy38_pp73-manylinux_2_17_aarch64.manylinux2014_aarch64.whl", hash = "sha256:372d520f67783b74ae2dd8380f4497b6282f1c1d7ffee25018c7983979451bd8"},
    {file = "posix_ipc-1.3.2-pp38-pypy38_pp73-manylinux_2_5_i686.manylinux1_i686.manylinux_2_17_i686.manylinux2014_i686.whl", hash = "sha256:22020f552fe8bfb4b8e90b7b47837478c45294e7aca0f7269b7e57d3b81bd605"},
    {file = "posix_ipc-1.3.2-pp38-pypy38_pp73-manylinux_2_5_x86_64.manylinux1_x86_64.manylinux_2_17_x86_64.manylinux2014_x86_64.whl", hash = "sha256:2b18adfa9f58d26a128632ffd470385b71fadf33fb9048e0d6948b435516db4b"},
    {file = "posix_ipc-1.3.2-pp39-pypy39_pp73-macosx_10_15_x86_64.whl", hash = "sha256:7be547044442329f40f734b4751848bca6e4aef5f0615484253dd100f458cfbe"},
    {file = "posix_ipc-1.3.2-pp39-pypy39_pp73-macosx_11_0_arm64.whl", hash = "sha256:63bf8ceb9dc0350155dc2bb9b80d565f27ed02ea31df3a0328e38225462114d7"},
    {file = "posix_ipc-1.3.2-pp39-pypy39_pp73-manylinux_2_17_aarch64.manylinux2014_aarch64.whl", hash = "sha256:200c9b744baefde70df9ea1058ef11e167770b4a4f85e27ed469bb9691dbd983"},
    {file = "posix_ipc-1.3.2-pp39-pypy39_pp73-manylinux_2_5_i686.manylinux1_i686.manylinux_2_17_i686.manylinux2014_i686.whl", hash = "sha256:e7680a0bfa51560680cd0ba3411514c75d21732d3d51d29c9c03b7f3b002a8b2"},
    {file = "posix_ipc-1.3.2-pp39-pypy39_pp73-manylinux_2_5_x86_64.manylinux1_x86_64.manylinux_2_17_x86_64.manylinux2014_x86_64.whl", hash = "sha256:823ac57d1ede41c7a7692a46177fa916806b0d87802e3886e00cc497bbed4a7d"},
    {file = "posix_ipc-1.3.2.tar.gz", hash = "sha256:6923232111329954a8349f7d99f212b6e96b5206e77fbd39aaf1b3cb4a5e9260"},
]

[metadata]
lock-version = "2.1"
python-versions = ">=3.13"
content-hash = "9a5455c8edb9d72111ad66bd1fa6309c666d4591dc7bbfd3492bef4e860bda3b"
